
Microsoft Visual Studio Solution File, Format Version 12.00
# Visual Studio Version 17
VisualStudioVersion = 17.9.34902.65
MinimumVisualStudioVersion = 10.0.40219.1
Project("{FAE04EC0-301F-11D3-BF4B-00C04F79EFBC}") = "masterpage", "masterpage.csproj", "{4FDE8B31-D462-4C4B-A81E-F8EFE9D66902}"
EndProject
Global
	GlobalSection(SolutionConfigurationPlatforms) = preSolution
		Debug|Any CPU = Debug|Any CPU
		Release|Any CPU = Release|Any CPU
	EndGlobalSection
	GlobalSection(ProjectConfigurationPlatforms) = postSolution
		{4FDE8B31-D462-4C4B-A81E-F8EFE9D66902}.Debug|Any CPU.ActiveCfg = Debug|Any CPU
		{4FDE8B31-D462-4C4B-A81E-F8EFE9D66902}.Debug|Any CPU.Build.0 = Debug|Any CPU
		{4FDE8B31-D462-4C4B-A81E-F8EFE9D66902}.Release|Any CPU.ActiveCfg = Release|Any CPU
		{4FDE8B31-D462-4C4B-A81E-F8EFE9D66902}.Release|Any CPU.Build.0 = Release|Any CPU
	EndGlobalSection
	GlobalSection(SolutionProperties) = preSolution
		HideSolutionNode = FALSE
	EndGlobalSection
	GlobalSection(ExtensibilityGlobals) = postSolution
		SolutionGuid = {8F0EB354-BDCA-42D9-86B9-83A156478242}
	EndGlobalSection
EndGlobal
